
Microsoft Visual Studio Solution File, Format Version 12.00
# Visual Studio Version 17
VisualStudioVersion = 17.9.34616.47
MinimumVisualStudioVersion = 10.0.40219.1
Project("{FAE04EC0-301F-11D3-BF4B-00C04F79EFBC}") = "Patterns_5", "Patterns_5.csproj", "{2BD64BE1-35FB-4A5D-A35E-9D71C7A5B20D}"
EndProject
Global
	GlobalSection(SolutionConfigurationPlatforms) = preSolution
		Debug|Any CPU = Debug|Any CPU
		Release|Any CPU = Release|Any CPU
	EndGlobalSection
	GlobalSection(ProjectConfigurationPlatforms) = postSolution
		{2BD64BE1-35FB-4A5D-A35E-9D71C7A5B20D}.Debug|Any CPU.ActiveCfg = Debug|Any CPU
		{2BD64BE1-35FB-4A5D-A35E-9D71C7A5B20D}.Debug|Any CPU.Build.0 = Debug|Any CPU
		{2BD64BE1-35FB-4A5D-A35E-9D71C7A5B20D}.Release|Any CPU.ActiveCfg = Release|Any CPU
		{2BD64BE1-35FB-4A5D-A35E-9D71C7A5B20D}.Release|Any CPU.Build.0 = Release|Any CPU
	EndGlobalSection
	GlobalSection(SolutionProperties) = preSolution
		HideSolutionNode = FALSE
	EndGlobalSection
	GlobalSection(ExtensibilityGlobals) = postSolution
		SolutionGuid = {C6E42120-225B-49D8-A84B-DF8AAF7E1982}
	EndGlobalSection
EndGlobal
